
Microsoft Visual Studio Solution File, Format Version 12.00
# Visual Studio Version 16
VisualStudioVersion = 16.0.34931.43
MinimumVisualStudioVersion = 10.0.40219.1
Project("{FAE04EC0-301F-11D3-BF4B-00C04F79EFBC}") = "segundaAplicacionWindow3", "segundaAplicacionWindow3\segundaAplicacionWindow3.csproj", "{CB9FF056-BAA0-4FE7-A790-0FF999F26E7F}"
EndProject
Global
	GlobalSection(SolutionConfigurationPlatforms) = preSolution
		Debug|Any CPU = Debug|Any CPU
		Release|Any CPU = Release|Any CPU
	EndGlobalSection
	GlobalSection(ProjectConfigurationPlatforms) = postSolution
		{CB9FF056-BAA0-4FE7-A790-0FF999F26E7F}.Debug|Any CPU.ActiveCfg = Debug|Any CPU
		{CB9FF056-BAA0-4FE7-A790-0FF999F26E7F}.Debug|Any CPU.Build.0 = Debug|Any CPU
		{CB9FF056-BAA0-4FE7-A790-0FF999F26E7F}.Release|Any CPU.ActiveCfg = Release|Any CPU
		{CB9FF056-BAA0-4FE7-A790-0FF999F26E7F}.Release|Any CPU.Build.0 = Release|Any CPU
	EndGlobalSection
	GlobalSection(SolutionProperties) = preSolution
		HideSolutionNode = FALSE
	EndGlobalSection
	GlobalSection(ExtensibilityGlobals) = postSolution
		SolutionGuid = {5B5CD9F0-AE63-44BE-9938-EB6C8E81F548}
	EndGlobalSection
EndGlobal
